
Microsoft Visual Studio Solution File, Format Version 12.00
# Visual Studio Version 17
VisualStudioVersion = 17.5.33414.496
MinimumVisualStudioVersion = 10.0.40219.1
Project("{FAE04EC0-301F-11D3-BF4B-00C04F79EFBC}") = "EXIFViewer", "EXIFViewer\EXIFViewer.csproj", "{3B82FFC5-FE47-4990-9261-ED2C06D56835}"
EndProject
Global
	GlobalSection(SolutionConfigurationPlatforms) = preSolution
		Debug|Any CPU = Debug|Any CPU
		Release|Any CPU = Release|Any CPU
	EndGlobalSection
	GlobalSection(ProjectConfigurationPlatforms) = postSolution
		{3B82FFC5-FE47-4990-9261-ED2C06D56835}.Debug|Any CPU.ActiveCfg = Debug|Any CPU
		{3B82FFC5-FE47-4990-9261-ED2C06D56835}.Debug|Any CPU.Build.0 = Debug|Any CPU
		{3B82FFC5-FE47-4990-9261-ED2C06D56835}.Release|Any CPU.ActiveCfg = Release|Any CPU
		{3B82FFC5-FE47-4990-9261-ED2C06D56835}.Release|Any CPU.Build.0 = Release|Any CPU
	EndGlobalSection
	GlobalSection(SolutionProperties) = preSolution
		HideSolutionNode = FALSE
	EndGlobalSection
	GlobalSection(ExtensibilityGlobals) = postSolution
		SolutionGuid = {A17E359B-DFA7-4702-ABD7-DCE27BB882A1}
	EndGlobalSection
EndGlobal
